
Microsoft Visual Studio Solution File, Format Version 12.00
# Visual Studio Version 17
VisualStudioVersion = 17.11.35327.3
MinimumVisualStudioVersion = 10.0.40219.1
Project("{FAE04EC0-301F-11D3-BF4B-00C04F79EFBC}") = "Dependency_Injection", "Dependency_Injection\Dependency_Injection.csproj", "{DE452973-7EF6-483E-903D-99200C96B5EF}"
EndProject
Global
	GlobalSection(SolutionConfigurationPlatforms) = preSolution
		Debug|Any CPU = Debug|Any CPU
		Release|Any CPU = Release|Any CPU
	EndGlobalSection
	GlobalSection(ProjectConfigurationPlatforms) = postSolution
		{DE452973-7EF6-483E-903D-99200C96B5EF}.Debug|Any CPU.ActiveCfg = Debug|Any CPU
		{DE452973-7EF6-483E-903D-99200C96B5EF}.Debug|Any CPU.Build.0 = Debug|Any CPU
		{DE452973-7EF6-483E-903D-99200C96B5EF}.Release|Any CPU.ActiveCfg = Release|Any CPU
		{DE452973-7EF6-483E-903D-99200C96B5EF}.Release|Any CPU.Build.0 = Release|Any CPU
	EndGlobalSection
	GlobalSection(SolutionProperties) = preSolution
		HideSolutionNode = FALSE
	EndGlobalSection
	GlobalSection(ExtensibilityGlobals) = postSolution
		SolutionGuid = {18DA55DA-56D0-42BA-8FA2-C6DCB4929C39}
	EndGlobalSection
EndGlobal
